// !$*UTF8*$!
{
	archiveVersion = 1;
	classes = {
	};
	objectVersion = 77;
	objects = {

/* Begin PBXContainerItemProxy section */
		873C03722E3D7AB8001527C1 /* PBXContainerItemProxy */ = {
			isa = PBXContainerItemProxy;
			containerPortal = 873C03592E3D7AB7001527C1 /* Project object */;
			proxyType = 1;
			remoteGlobalIDString = 873C03602E3D7AB7001527C1;
			remoteInfo = CatsApp;
		};
		873C037C2E3D7AB8001527C1 /* PBXContainerItemProxy */ = {
			isa = PBXContainerItemProxy;
			containerPortal = 873C03592E3D7AB7001527C1 /* Project object */;
			proxyType = 1;
			remoteGlobalIDString = 873C03602E3D7AB7001527C1;
			remoteInfo = CatsApp;
		};
/* End PBXContainerItemProxy section */

/* Begin PBXCopyFilesBuildPhase section */
		0ADC69922E8ED1C0003E1CDB /* Embed Foundation Extensions */ = {
			isa = PBXCopyFilesBuildPhase;
			buildActionMask = 2147483647;
			dstPath = "";
			dstSubfolderSpec = 13;
			files = (
			);
			name = "Embed Foundation Extensions";
			runOnlyForDeploymentPostprocessing = 0;
		};
/* End PBXCopyFilesBuildPhase section */

/* Begin PBXFileReference section */
		0ADC69822E8ED1BF003E1CDB /* ManagedSettings.framework */ = {isa = PBXFileReference; lastKnownFileType = wrapper.framework; name = ManagedSettings.framework; path = System/Library/Frameworks/ManagedSettings.framework; sourceTree = SDKROOT; };
		0ADC69842E8ED1BF003E1CDB /* ManagedSettingsUI.framework */ = {isa = PBXFileReference; lastKnownFileType = wrapper.framework; name = ManagedSettingsUI.framework; path = System/Library/Frameworks/ManagedSettingsUI.framework; sourceTree = SDKROOT; };
		0AF5B9D62E8F04520018B70C /* tempapp.app */ = {isa = PBXFileReference; explicitFileType = wrapper.application; includeInIndex = 0; path = tempapp.app; sourceTree = BUILT_PRODUCTS_DIR; };
		873C03612E3D7AB7001527C1 /* CatsApp.app */ = {isa = PBXFileReference; explicitFileType = wrapper.application; includeInIndex = 0; path = CatsApp.app; sourceTree = BUILT_PRODUCTS_DIR; };
		873C03712E3D7AB8001527C1 /* CatsAppTests.xctest */ = {isa = PBXFileReference; explicitFileType = wrapper.cfbundle; includeInIndex = 0; path = CatsAppTests.xctest; sourceTree = BUILT_PRODUCTS_DIR; };
		873C037B2E3D7AB8001527C1 /* CatsAppUITests.xctest */ = {isa = PBXFileReference; explicitFileType = wrapper.cfbundle; includeInIndex = 0; path = CatsAppUITests.xctest; sourceTree = BUILT_PRODUCTS_DIR; };
/* End PBXFileReference section */

/* Begin PBXFileSystemSynchronizedBuildFileExceptionSet section */
		0ADC699A2E8ED433003E1CDB /* Exceptions for "CatsApp" folder in "CatsApp" target */ = {
			isa = PBXFileSystemSynchronizedBuildFileExceptionSet;
			membershipExceptions = (
				Resources/Info.plist,
				Resources/Secrets.xcconfig,
			);
			target = 873C03602E3D7AB7001527C1 /* CatsApp */;
		};
		0ADC699C2E8ED52B003E1CDB /* Exceptions for "CatsApp" folder in "CatsAppUITests" target */ = {
			isa = PBXFileSystemSynchronizedBuildFileExceptionSet;
			membershipExceptions = (
				Resources/Secrets.xcconfig,
			);
			target = 873C037A2E3D7AB8001527C1 /* CatsAppUITests */;
		};
		0AF5BA0A2E8F3E660018B70C /* Exceptions for "CatsAppTests" folder in "CatsApp" target */ = {
			isa = PBXFileSystemSynchronizedBuildFileExceptionSet;
			membershipExceptions = (
				BreedsDataServiceTests.swift,
				CatsAppTests.swift,
			);
			target = 873C03602E3D7AB7001527C1 /* CatsApp */;
		};
		0AF5BA0B2E8F3E660018B70C /* Exceptions for "CatsAppTests" folder in "CatsAppTests" target */ = {
			isa = PBXFileSystemSynchronizedBuildFileExceptionSet;
			membershipExceptions = (
				BreedsDataServiceTests.swift,
				CatsAppTests.swift,
			);
			target = 873C03702E3D7AB8001527C1 /* CatsAppTests */;
		};
		0AF5BA112E8F3E690018B70C /* Exceptions for "CatsAppUITests" folder in "CatsApp" target */ = {
			isa = PBXFileSystemSynchronizedBuildFileExceptionSet;
			membershipExceptions = (
				CatsAppUITests.swift,
				CatsAppUITestsLaunchTests.swift,
			);
			target = 873C03602E3D7AB7001527C1 /* CatsApp */;
		};
		0AF5BA122E8F3E690018B70C /* Exceptions for "CatsAppUITests" folder in "CatsAppUITests" target */ = {
			isa = PBXFileSystemSynchronizedBuildFileExceptionSet;
			membershipExceptions = (
				CatsAppUITests.swift,
				CatsAppUITestsLaunchTests.swift,
			);
			target = 873C037A2E3D7AB8001527C1 /* CatsAppUITests */;
		};
/* End PBXFileSystemSynchronizedBuildFileExceptionSet section */

/* Begin PBXFileSystemSynchronizedRootGroup section */
		0AF5BA082E8F3E660018B70C /* CatsAppTests */ = {
			isa = PBXFileSystemSynchronizedRootGroup;
			exceptions = (
				0AF5BA0A2E8F3E660018B70C /* Exceptions for "CatsAppTests" folder in "CatsApp" target */,
				0AF5BA0B2E8F3E660018B70C /* Exceptions for "CatsAppTests" folder in "CatsAppTests" target */,
			);
			path = CatsAppTests;
			sourceTree = "<group>";
		};
		0AF5BA0E2E8F3E690018B70C /* CatsAppUITests */ = {
			isa = PBXFileSystemSynchronizedRootGroup;
			exceptions = (
				0AF5BA112E8F3E690018B70C /* Exceptions for "CatsAppUITests" folder in "CatsApp" target */,
				0AF5BA122E8F3E690018B70C /* Exceptions for "CatsAppUITests" folder in "CatsAppUITests" target */,
			);
			path = CatsAppUITests;
			sourceTree = "<group>";
		};
		873C03632E3D7AB7001527C1 /* CatsApp */ = {
			isa = PBXFileSystemSynchronizedRootGroup;
			exceptions = (
				0ADC699A2E8ED433003E1CDB /* Exceptions for "CatsApp" folder in "CatsApp" target */,
				0ADC699C2E8ED52B003E1CDB /* Exceptions for "CatsApp" folder in "CatsAppUITests" target */,
			);
			path = CatsApp;
			sourceTree = "<group>";
		};
/* End PBXFileSystemSynchronizedRootGroup section */

/* Begin PBXFrameworksBuildPhase section */
		0AF5B9D32E8F04520018B70C /* Frameworks */ = {
			isa = PBXFrameworksBuildPhase;
			buildActionMask = 2147483647;
			files = (
			);
			runOnlyForDeploymentPostprocessing = 0;
		};
		873C035E2E3D7AB7001527C1 /* Frameworks */ = {
			isa = PBXFrameworksBuildPhase;
			buildActionMask = 2147483647;
			files = (
			);
			runOnlyForDeploymentPostprocessing = 0;
		};
		873C036E2E3D7AB8001527C1 /* Frameworks */ = {
			isa = PBXFrameworksBuildPhase;
			buildActionMask = 2147483647;
			files = (
			);
			runOnlyForDeploymentPostprocessing = 0;
		};
		873C03782E3D7AB8001527C1 /* Frameworks */ = {
			isa = PBXFrameworksBuildPhase;
			buildActionMask = 2147483647;
			files = (
			);
			runOnlyForDeploymentPostprocessing = 0;
		};
/* End PBXFrameworksBuildPhase section */

/* Begin PBXGroup section */
		0ADC69812E8ED1BF003E1CDB /* Frameworks */ = {
			isa = PBXGroup;
			children = (
				0ADC69822E8ED1BF003E1CDB /* ManagedSettings.framework */,
				0ADC69842E8ED1BF003E1CDB /* ManagedSettingsUI.framework */,
			);
			name = Frameworks;
			sourceTree = "<group>";
		};
		0AF5BA132E8F3E700018B70C /* Tests */ = {
			isa = PBXGroup;
			children = (
				0AF5BA082E8F3E660018B70C /* CatsAppTests */,
				0AF5BA0E2E8F3E690018B70C /* CatsAppUITests */,
			);
			path = Tests;
			sourceTree = "<group>";
		};
		873C03582E3D7AB7001527C1 = {
			isa = PBXGroup;
			children = (
				873C03632E3D7AB7001527C1 /* CatsApp */,
				0AF5BA132E8F3E700018B70C /* Tests */,
				0ADC69812E8ED1BF003E1CDB /* Frameworks */,
				873C03622E3D7AB7001527C1 /* Products */,
			);
			sourceTree = "<group>";
		};
		873C03622E3D7AB7001527C1 /* Products */ = {
			isa = PBXGroup;
			children = (
				873C03612E3D7AB7001527C1 /* CatsApp.app */,
				873C03712E3D7AB8001527C1 /* CatsAppTests.xctest */,
				873C037B2E3D7AB8001527C1 /* CatsAppUITests.xctest */,
				0AF5B9D62E8F04520018B70C /* tempapp.app */,
			);
			name = Products;
			sourceTree = "<group>";
		};
/* End PBXGroup section */

/* Begin PBXNativeTarget section */
		0AF5B9D52E8F04520018B70C /* tempapp */ = {
			isa = PBXNativeTarget;
			buildConfigurationList = 0AF5B9DE2E8F04530018B70C /* Build configuration list for PBXNativeTarget "tempapp" */;
			buildPhases = (
				0AF5B9D22E8F04520018B70C /* Sources */,
				0AF5B9D32E8F04520018B70C /* Frameworks */,
				0AF5B9D42E8F04520018B70C /* Resources */,
			);
			buildRules = (
			);
			dependencies = (
			);
			name = tempapp;
			packageProductDependencies = (
			);
			productName = tempapp;
			productReference = 0AF5B9D62E8F04520018B70C /* tempapp.app */;
			productType = "com.apple.product-type.application";
		};
		873C03602E3D7AB7001527C1 /* CatsApp */ = {
			isa = PBXNativeTarget;
			buildConfigurationList = 873C03852E3D7AB8001527C1 /* Build configuration list for PBXNativeTarget "CatsApp" */;
			buildPhases = (
				873C035D2E3D7AB7001527C1 /* Sources */,
				873C035E2E3D7AB7001527C1 /* Frameworks */,
				873C035F2E3D7AB7001527C1 /* Resources */,
				0ADC69922E8ED1C0003E1CDB /* Embed Foundation Extensions */,
			);
			buildRules = (
			);
			dependencies = (
			);
			fileSystemSynchronizedGroups = (
				0AF5BA082E8F3E660018B70C /* CatsAppTests */,
				0AF5BA0E2E8F3E690018B70C /* CatsAppUITests */,
				873C03632E3D7AB7001527C1 /* CatsApp */,
			);
			name = CatsApp;
			packageProductDependencies = (
			);
			productName = CatsApp;
			productReference = 873C03612E3D7AB7001527C1 /* CatsApp.app */;
			productType = "com.apple.product-type.application";
		};
		873C03702E3D7AB8001527C1 /* CatsAppTests */ = {
			isa = PBXNativeTarget;
			buildConfigurationList = 873C03882E3D7AB8001527C1 /* Build configuration list for PBXNativeTarget "CatsAppTests" */;
			buildPhases = (
				873C036D2E3D7AB8001527C1 /* Sources */,
				873C036E2E3D7AB8001527C1 /* Frameworks */,
				873C036F2E3D7AB8001527C1 /* Resources */,
			);
			buildRules = (
			);
			dependencies = (
				873C03732E3D7AB8001527C1 /* PBXTargetDependency */,
			);
			name = CatsAppTests;
			packageProductDependencies = (
			);
			productName = CatsAppTests;
			productReference = 873C03712E3D7AB8001527C1 /* CatsAppTests.xctest */;
			productType = "com.apple.product-type.bundle.unit-test";
		};
		873C037A2E3D7AB8001527C1 /* CatsAppUITests */ = {
			isa = PBXNativeTarget;
			buildConfigurationList = 873C038B2E3D7AB8001527C1 /* Build configuration list for PBXNativeTarget "CatsAppUITests" */;
			buildPhases = (
				873C03772E3D7AB8001527C1 /* Sources */,
				873C03782E3D7AB8001527C1 /* Frameworks */,
				873C03792E3D7AB8001527C1 /* Resources */,
			);
			buildRules = (
			);
			dependencies = (
				873C037D2E3D7AB8001527C1 /* PBXTargetDependency */,
			);
			name = CatsAppUITests;
			packageProductDependencies = (
			);
			productName = CatsAppUITests;
			productReference = 873C037B2E3D7AB8001527C1 /* CatsAppUITests.xctest */;
			productType = "com.apple.product-type.bundle.ui-testing";
		};
/* End PBXNativeTarget section */

/* Begin PBXProject section */
		873C03592E3D7AB7001527C1 /* Project object */ = {
			isa = PBXProject;
			attributes = {
				BuildIndependentTargetsInParallel = 1;
				LastSwiftUpdateCheck = 2600;
				LastUpgradeCheck = 2600;
				TargetAttributes = {
					0AF5B9D52E8F04520018B70C = {
						CreatedOnToolsVersion = 26.0.1;
					};
					873C03602E3D7AB7001527C1 = {
						CreatedOnToolsVersion = 16.2;
					};
					873C03702E3D7AB8001527C1 = {
						CreatedOnToolsVersion = 16.2;
						TestTargetID = 873C03602E3D7AB7001527C1;
					};
					873C037A2E3D7AB8001527C1 = {
						CreatedOnToolsVersion = 16.2;
						TestTargetID = 873C03602E3D7AB7001527C1;
					};
				};
			};
			buildConfigurationList = 873C035C2E3D7AB7001527C1 /* Build configuration list for PBXProject "CatsApp" */;
			developmentRegion = en;
			hasScannedForEncodings = 0;
			knownRegions = (
				en,
				Base,
			);
			mainGroup = 873C03582E3D7AB7001527C1;
			minimizedProjectReferenceProxies = 1;
			preferredProjectObjectVersion = 77;
			productRefGroup = 873C03622E3D7AB7001527C1 /* Products */;
			projectDirPath = "";
			projectRoot = "";
			targets = (
				873C03602E3D7AB7001527C1 /* CatsApp */,
				873C03702E3D7AB8001527C1 /* CatsAppTests */,
				873C037A2E3D7AB8001527C1 /* CatsAppUITests */,
				0AF5B9D52E8F04520018B70C /* tempapp */,
			);
		};
/* End PBXProject section */

/* Begin PBXResourcesBuildPhase section */
		0AF5B9D42E8F04520018B70C /* Resources */ = {
			isa = PBXResourcesBuildPhase;
			buildActionMask = 2147483647;
			files = (
			);
			runOnlyForDeploymentPostprocessing = 0;
		};
		873C035F2E3D7AB7001527C1 /* Resources */ = {
			isa = PBXResourcesBuildPhase;
			buildActionMask = 2147483647;
			files = (
			);
			runOnlyForDeploymentPostprocessing = 0;
		};
		873C036F2E3D7AB8001527C1 /* Resources */ = {
			isa = PBXResourcesBuildPhase;
			buildActionMask = 2147483647;
			files = (
			);
			runOnlyForDeploymentPostprocessing = 0;
		};
		873C03792E3D7AB8001527C1 /* Resources */ = {
			isa = PBXResourcesBuildPhase;
			buildActionMask = 2147483647;
			files = (
			);
			runOnlyForDeploymentPostprocessing = 0;
		};
/* End PBXResourcesBuildPhase section */

/* Begin PBXSourcesBuildPhase section */
		0AF5B9D22E8F04520018B70C /* Sources */ = {
			isa = PBXSourcesBuildPhase;
			buildActionMask = 2147483647;
			files = (
			);
			runOnlyForDeploymentPostprocessing = 0;
		};
		873C035D2E3D7AB7001527C1 /* Sources */ = {
			isa = PBXSourcesBuildPhase;
			buildActionMask = 2147483647;
			files = (
			);
			runOnlyForDeploymentPostprocessing = 0;
		};
		873C036D2E3D7AB8001527C1 /* Sources */ = {
			isa = PBXSourcesBuildPhase;
			buildActionMask = 2147483647;
			files = (
			);
			runOnlyForDeploymentPostprocessing = 0;
		};
		873C03772E3D7AB8001527C1 /* Sources */ = {
			isa = PBXSourcesBuildPhase;
			buildActionMask = 2147483647;
			files = (
			);
			runOnlyForDeploymentPostprocessing = 0;
		};
/* End PBXSourcesBuildPhase section */

/* Begin PBXTargetDependency section */
		873C03732E3D7AB8001527C1 /* PBXTargetDependency */ = {
			isa = PBXTargetDependency;
			target = 873C03602E3D7AB7001527C1 /* CatsApp */;
			targetProxy = 873C03722E3D7AB8001527C1 /* PBXContainerItemProxy */;
		};
		873C037D2E3D7AB8001527C1 /* PBXTargetDependency */ = {
			isa = PBXTargetDependency;
			target = 873C03602E3D7AB7001527C1 /* CatsApp */;
			targetProxy = 873C037C2E3D7AB8001527C1 /* PBXContainerItemProxy */;
		};
/* End PBXTargetDependency section */

/* Begin XCBuildConfiguration section */
		0AF5B9DF2E8F04530018B70C /* Debug */ = {
			isa = XCBuildConfiguration;
			buildSettings = {
				ASSETCATALOG_COMPILER_APPICON_NAME = AppIcon;
				ASSETCATALOG_COMPILER_GLOBAL_ACCENT_COLOR_NAME = AccentColor;
				CODE_SIGN_STYLE = Automatic;
				CURRENT_PROJECT_VERSION = 1;
				ENABLE_PREVIEWS = YES;
				GENERATE_INFOPLIST_FILE = YES;
				INFOPLIST_KEY_UIApplicationSceneManifest_Generation = YES;
				INFOPLIST_KEY_UIApplicationSupportsIndirectInputEvents = YES;
				INFOPLIST_KEY_UILaunchScreen_Generation = YES;
				INFOPLIST_KEY_UISupportedInterfaceOrientations_iPad = "UIInterfaceOrientationPortrait UIInterfaceOrientationPortraitUpsideDown UIInterfaceOrientationLandscapeLeft UIInterfaceOrientationLandscapeRight";
				INFOPLIST_KEY_UISupportedInterfaceOrientations_iPhone = "UIInterfaceOrientationPortrait UIInterfaceOrientationLandscapeLeft UIInterfaceOrientationLandscapeRight";
				IPHONEOS_DEPLOYMENT_TARGET = 26.0;
				LD_RUNPATH_SEARCH_PATHS = (
					"$(inherited)",
					"@executable_path/Frameworks",
				);
				MARKETING_VERSION = 1.0;
				PRODUCT_BUNDLE_IDENTIFIER = com.test.tempapp;
				PRODUCT_NAME = "$(TARGET_NAME)";
				STRING_CATALOG_GENERATE_SYMBOLS = YES;
				SWIFT_APPROACHABLE_CONCURRENCY = YES;
				SWIFT_DEFAULT_ACTOR_ISOLATION = MainActor;
				SWIFT_EMIT_LOC_STRINGS = YES;
				SWIFT_UPCOMING_FEATURE_MEMBER_IMPORT_VISIBILITY = YES;
				SWIFT_VERSION = 5.0;
				TARGETED_DEVICE_FAMILY = "1,2";
			};
			name = Debug;
		};
		0AF5B9E02E8F04530018B70C /* Release */ = {
			isa = XCBuildConfiguration;
			buildSettings = {
				ASSETCATALOG_COMPILER_APPICON_NAME = AppIcon;
				ASSETCATALOG_COMPILER_GLOBAL_ACCENT_COLOR_NAME = AccentColor;
				CODE_SIGN_STYLE = Automatic;
				CURRENT_PROJECT_VERSION = 1;
				ENABLE_PREVIEWS = YES;
				GENERATE_INFOPLIST_FILE = YES;
				INFOPLIST_KEY_UIApplicationSceneManifest_Generation = YES;
				INFOPLIST_KEY_UIApplicationSupportsIndirectInputEvents = YES;
				INFOPLIST_KEY_UILaunchScreen_Generation = YES;
				INFOPLIST_KEY_UISupportedInterfaceOrientations_iPad = "UIInterfaceOrientationPortrait UIInterfaceOrientationPortraitUpsideDown UIInterfaceOrientationLandscapeLeft UIInterfaceOrientationLandscapeRight";
				INFOPLIST_KEY_UISupportedInterfaceOrientations_iPhone = "UIInterfaceOrientationPortrait UIInterfaceOrientationLandscapeLeft UIInterfaceOrientationLandscapeRight";
				IPHONEOS_DEPLOYMENT_TARGET = 26.0;
				LD_RUNPATH_SEARCH_PATHS = (
					"$(inherited)",
					"@executable_path/Frameworks",
				);
				MARKETING_VERSION = 1.0;
				PRODUCT_BUNDLE_IDENTIFIER = com.test.tempapp;
				PRODUCT_NAME = "$(TARGET_NAME)";
				STRING_CATALOG_GENERATE_SYMBOLS = YES;
				SWIFT_APPROACHABLE_CONCURRENCY = YES;
				SWIFT_DEFAULT_ACTOR_ISOLATION = MainActor;
				SWIFT_EMIT_LOC_STRINGS = YES;
				SWIFT_UPCOMING_FEATURE_MEMBER_IMPORT_VISIBILITY = YES;
				SWIFT_VERSION = 5.0;
				TARGETED_DEVICE_FAMILY = "1,2";
			};
			name = Release;
		};
		873C03832E3D7AB8001527C1 /* Debug */ = {
			isa = XCBuildConfiguration;
			baseConfigurationReferenceAnchor = 873C03632E3D7AB7001527C1 /* CatsApp */;
			baseConfigurationReferenceRelativePath = Resources/Secrets.xcconfig;
			buildSettings = {
				ALWAYS_SEARCH_USER_PATHS = NO;
				ASSETCATALOG_COMPILER_GENERATE_SWIFT_ASSET_SYMBOL_EXTENSIONS = YES;
				CLANG_ANALYZER_NONNULL = YES;
				CLANG_ANALYZER_NUMBER_OBJECT_CONVERSION = YES_AGGRESSIVE;
				CLANG_CXX_LANGUAGE_STANDARD = "gnu++20";
				CLANG_ENABLE_MODULES = YES;
				CLANG_ENABLE_OBJC_ARC = YES;
				CLANG_ENABLE_OBJC_WEAK = YES;
				CLANG_WARN_BLOCK_CAPTURE_AUTORELEASING = YES;
				CLANG_WARN_BOOL_CONVERSION = YES;
				CLANG_WARN_COMMA = YES;
				CLANG_WARN_CONSTANT_CONVERSION = YES;
				CLANG_WARN_DEPRECATED_OBJC_IMPLEMENTATIONS = YES;
				CLANG_WARN_DIRECT_OBJC_ISA_USAGE = YES_ERROR;
				CLANG_WARN_DOCUMENTATION_COMMENTS = YES;
				CLANG_WARN_EMPTY_BODY = YES;
				CLANG_WARN_ENUM_CONVERSION = YES;
				CLANG_WARN_INFINITE_RECURSION = YES;
				CLANG_WARN_INT_CONVERSION = YES;
				CLANG_WARN_NON_LITERAL_NULL_CONVERSION = YES;
				CLANG_WARN_OBJC_IMPLICIT_RETAIN_SELF = YES;
				CLANG_WARN_OBJC_LITERAL_CONVERSION = YES;
				CLANG_WARN_OBJC_ROOT_CLASS = YES_ERROR;
				CLANG_WARN_QUOTED_INCLUDE_IN_FRAMEWORK_HEADER = YES;
				CLANG_WARN_RANGE_LOOP_ANALYSIS = YES;
				CLANG_WARN_STRICT_PROTOTYPES = YES;
				CLANG_WARN_SUSPICIOUS_MOVE = YES;
				CLANG_WARN_UNGUARDED_AVAILABILITY = YES_AGGRESSIVE;
				CLANG_WARN_UNREACHABLE_CODE = YES;
				CLANG_WARN__DUPLICATE_METHOD_MATCH = YES;
				COPY_PHASE_STRIP = NO;
				DEBUG_INFORMATION_FORMAT = dwarf;
				ENABLE_STRICT_OBJC_MSGSEND = YES;
				ENABLE_TESTABILITY = YES;
				ENABLE_USER_SCRIPT_SANDBOXING = YES;
				GCC_C_LANGUAGE_STANDARD = gnu17;
				GCC_DYNAMIC_NO_PIC = NO;
				GCC_NO_COMMON_BLOCKS = YES;
				GCC_OPTIMIZATION_LEVEL = 0;
				GCC_PREPROCESSOR_DEFINITIONS = (
					"DEBUG=1",
					"$(inherited)",
				);
				GCC_WARN_64_TO_32_BIT_CONVERSION = YES;
				GCC_WARN_ABOUT_RETURN_TYPE = YES_ERROR;
				GCC_WARN_UNDECLARED_SELECTOR = YES;
				GCC_WARN_UNINITIALIZED_AUTOS = YES_AGGRESSIVE;
				GCC_WARN_UNUSED_FUNCTION = YES;
				GCC_WARN_UNUSED_VARIABLE = YES;
				IPHONEOS_DEPLOYMENT_TARGET = 18.2;
				LOCALIZATION_PREFERS_STRING_CATALOGS = YES;
				MTL_ENABLE_DEBUG_INFO = INCLUDE_SOURCE;
				MTL_FAST_MATH = YES;
				ONLY_ACTIVE_ARCH = YES;
				SDKROOT = iphoneos;
				STRING_CATALOG_GENERATE_SYMBOLS = YES;
				SWIFT_ACTIVE_COMPILATION_CONDITIONS = "DEBUG $(inherited)";
				SWIFT_OPTIMIZATION_LEVEL = "-Onone";
			};
			name = Debug;
		};
		873C03842E3D7AB8001527C1 /* Release */ = {
			isa = XCBuildConfiguration;
			buildSettings = {
				ALWAYS_SEARCH_USER_PATHS = NO;
				ASSETCATALOG_COMPILER_GENERATE_SWIFT_ASSET_SYMBOL_EXTENSIONS = YES;
				CLANG_ANALYZER_NONNULL = YES;
				CLANG_ANALYZER_NUMBER_OBJECT_CONVERSION = YES_AGGRESSIVE;
				CLANG_CXX_LANGUAGE_STANDARD = "gnu++20";
				CLANG_ENABLE_MODULES = YES;
				CLANG_ENABLE_OBJC_ARC = YES;
				CLANG_ENABLE_OBJC_WEAK = YES;
				CLANG_WARN_BLOCK_CAPTURE_AUTORELEASING = YES;
				CLANG_WARN_BOOL_CONVERSION = YES;
				CLANG_WARN_COMMA = YES;
				CLANG_WARN_CONSTANT_CONVERSION = YES;
				CLANG_WARN_DEPRECATED_OBJC_IMPLEMENTATIONS = YES;
				CLANG_WARN_DIRECT_OBJC_ISA_USAGE = YES_ERROR;
				CLANG_WARN_DOCUMENTATION_COMMENTS = YES;
				CLANG_WARN_EMPTY_BODY = YES;
				CLANG_WARN_ENUM_CONVERSION = YES;
				CLANG_WARN_INFINITE_RECURSION = YES;
				CLANG_WARN_INT_CONVERSION = YES;
				CLANG_WARN_NON_LITERAL_NULL_CONVERSION = YES;
				CLANG_WARN_OBJC_IMPLICIT_RETAIN_SELF = YES;
				CLANG_WARN_OBJC_LITERAL_CONVERSION = YES;
				CLANG_WARN_OBJC_ROOT_CLASS = YES_ERROR;
				CLANG_WARN_QUOTED_INCLUDE_IN_FRAMEWORK_HEADER = YES;
				CLANG_WARN_RANGE_LOOP_ANALYSIS = YES;
				CLANG_WARN_STRICT_PROTOTYPES = YES;
				CLANG_WARN_SUSPICIOUS_MOVE = YES;
				CLANG_WARN_UNGUARDED_AVAILABILITY = YES_AGGRESSIVE;
				CLANG_WARN_UNREACHABLE_CODE = YES;
				CLANG_WARN__DUPLICATE_METHOD_MATCH = YES;
				COPY_PHASE_STRIP = NO;
				DEBUG_INFORMATION_FORMAT = "dwarf-with-dsym";
				ENABLE_NS_ASSERTIONS = NO;
				ENABLE_STRICT_OBJC_MSGSEND = YES;
				ENABLE_USER_SCRIPT_SANDBOXING = YES;
				GCC_C_LANGUAGE_STANDARD = gnu17;
				GCC_NO_COMMON_BLOCKS = YES;
				GCC_WARN_64_TO_32_BIT_CONVERSION = YES;
				GCC_WARN_ABOUT_RETURN_TYPE = YES_ERROR;
				GCC_WARN_UNDECLARED_SELECTOR = YES;
				GCC_WARN_UNINITIALIZED_AUTOS = YES_AGGRESSIVE;
				GCC_WARN_UNUSED_FUNCTION = YES;
				GCC_WARN_UNUSED_VARIABLE = YES;
				IPHONEOS_DEPLOYMENT_TARGET = 18.2;
				LOCALIZATION_PREFERS_STRING_CATALOGS = YES;
				MTL_ENABLE_DEBUG_INFO = NO;
				MTL_FAST_MATH = YES;
				SDKROOT = iphoneos;
				STRING_CATALOG_GENERATE_SYMBOLS = YES;
				SWIFT_COMPILATION_MODE = wholemodule;
				VALIDATE_PRODUCT = YES;
			};
			name = Release;
		};
		873C03862E3D7AB8001527C1 /* Debug */ = {
			isa = XCBuildConfiguration;
			baseConfigurationReferenceAnchor = 873C03632E3D7AB7001527C1 /* CatsApp */;
			baseConfigurationReferenceRelativePath = Resources/Secrets.xcconfig;
			buildSettings = {
				ASSETCATALOG_COMPILER_APPICON_NAME = AppIcon;
				ASSETCATALOG_COMPILER_GLOBAL_ACCENT_COLOR_NAME = AccentColor;
				CODE_SIGN_STYLE = Automatic;
				CURRENT_PROJECT_VERSION = 1;
				DEVELOPMENT_ASSET_PATHS = "$(SRCROOT)/CatsApp/Resources";
				DEVELOPMENT_TEAM = 6J895MLH96;
				ENABLE_PREVIEWS = YES;
				GENERATE_INFOPLIST_FILE = YES;
				INFOPLIST_FILE = CatsApp/Resources/Info.plist;
				INFOPLIST_KEY_UIApplicationSceneManifest_Generation = YES;
				INFOPLIST_KEY_UIApplicationSupportsIndirectInputEvents = YES;
				INFOPLIST_KEY_UILaunchScreen_Generation = YES;
				INFOPLIST_KEY_UISupportedInterfaceOrientations_iPad = "UIInterfaceOrientationPortrait UIInterfaceOrientationPortraitUpsideDown UIInterfaceOrientationLandscapeLeft UIInterfaceOrientationLandscapeRight";
				INFOPLIST_KEY_UISupportedInterfaceOrientations_iPhone = "UIInterfaceOrientationPortrait UIInterfaceOrientationLandscapeLeft UIInterfaceOrientationLandscapeRight";
				LD_RUNPATH_SEARCH_PATHS = (
					"$(inherited)",
					"@executable_path/Frameworks",
				);
				MARKETING_VERSION = 1.0;
				PRODUCT_BUNDLE_IDENTIFIER = metatracker.CatsApp;
				PRODUCT_NAME = "$(TARGET_NAME)";
				SWIFT_EMIT_LOC_STRINGS = YES;
				SWIFT_VERSION = 5.0;
				TARGETED_DEVICE_FAMILY = "1,2";
			};
			name = Debug;
		};
		873C03872E3D7AB8001527C1 /* Release */ = {
			isa = XCBuildConfiguration;
			buildSettings = {
				ASSETCATALOG_COMPILER_APPICON_NAME = AppIcon;
				ASSETCATALOG_COMPILER_GLOBAL_ACCENT_COLOR_NAME = AccentColor;
				CODE_SIGN_STYLE = Automatic;
				CURRENT_PROJECT_VERSION = 1;
				DEVELOPMENT_ASSET_PATHS = "$(SRCROOT)/CatsApp/Resources";
				DEVELOPMENT_TEAM = 6J895MLH96;
				ENABLE_PREVIEWS = YES;
				GENERATE_INFOPLIST_FILE = YES;
				INFOPLIST_FILE = CatsApp/Resources/Info.plist;
				INFOPLIST_KEY_UIApplicationSceneManifest_Generation = YES;
				INFOPLIST_KEY_UIApplicationSupportsIndirectInputEvents = YES;
				INFOPLIST_KEY_UILaunchScreen_Generation = YES;
				INFOPLIST_KEY_UISupportedInterfaceOrientations_iPad = "UIInterfaceOrientationPortrait UIInterfaceOrientationPortraitUpsideDown UIInterfaceOrientationLandscapeLeft UIInterfaceOrientationLandscapeRight";
				INFOPLIST_KEY_UISupportedInterfaceOrientations_iPhone = "UIInterfaceOrientationPortrait UIInterfaceOrientationLandscapeLeft UIInterfaceOrientationLandscapeRight";
				LD_RUNPATH_SEARCH_PATHS = (
					"$(inherited)",
					"@executable_path/Frameworks",
				);
				MARKETING_VERSION = 1.0;
				PRODUCT_BUNDLE_IDENTIFIER = metatracker.CatsApp;
				PRODUCT_NAME = "$(TARGET_NAME)";
				SWIFT_EMIT_LOC_STRINGS = YES;
				SWIFT_VERSION = 5.0;
				TARGETED_DEVICE_FAMILY = "1,2";
			};
			name = Release;
		};
		873C03892E3D7AB8001527C1 /* Debug */ = {
			isa = XCBuildConfiguration;
			buildSettings = {
				BUNDLE_LOADER = "$(TEST_HOST)";
				CODE_SIGN_STYLE = Automatic;
				CURRENT_PROJECT_VERSION = 1;
				GENERATE_INFOPLIST_FILE = YES;
				IPHONEOS_DEPLOYMENT_TARGET = 18.2;
				MARKETING_VERSION = 1.0;
				PRODUCT_BUNDLE_IDENTIFIER = metatracker.CatsAppTests;
				PRODUCT_NAME = "$(TARGET_NAME)";
				SWIFT_EMIT_LOC_STRINGS = NO;
				SWIFT_VERSION = 6.0;
				TARGETED_DEVICE_FAMILY = "1,2";
				TEST_HOST = "$(BUILT_PRODUCTS_DIR)/CatsApp.app/$(BUNDLE_EXECUTABLE_FOLDER_PATH)/CatsApp";
			};
			name = Debug;
		};
		873C038A2E3D7AB8001527C1 /* Release */ = {
			isa = XCBuildConfiguration;
			buildSettings = {
				BUNDLE_LOADER = "$(TEST_HOST)";
				CODE_SIGN_STYLE = Automatic;
				CURRENT_PROJECT_VERSION = 1;
				GENERATE_INFOPLIST_FILE = YES;
				IPHONEOS_DEPLOYMENT_TARGET = 18.2;
				MARKETING_VERSION = 1.0;
				PRODUCT_BUNDLE_IDENTIFIER = metatracker.CatsAppTests;
				PRODUCT_NAME = "$(TARGET_NAME)";
				SWIFT_EMIT_LOC_STRINGS = NO;
				SWIFT_VERSION = 6.0;
				TARGETED_DEVICE_FAMILY = "1,2";
				TEST_HOST = "$(BUILT_PRODUCTS_DIR)/CatsApp.app/$(BUNDLE_EXECUTABLE_FOLDER_PATH)/CatsApp";
			};
			name = Release;
		};
		873C038C2E3D7AB8001527C1 /* Debug */ = {
			isa = XCBuildConfiguration;
			buildSettings = {
				CODE_SIGN_STYLE = Automatic;
				CURRENT_PROJECT_VERSION = 1;
				GENERATE_INFOPLIST_FILE = YES;
				MARKETING_VERSION = 1.0;
				PRODUCT_BUNDLE_IDENTIFIER = metatracker.CatsAppUITests;
				PRODUCT_NAME = "$(TARGET_NAME)";
				SWIFT_EMIT_LOC_STRINGS = NO;
				SWIFT_VERSION = 5.0;
				TARGETED_DEVICE_FAMILY = "1,2";
				TEST_TARGET_NAME = CatsApp;
			};
			name = Debug;
		};
		873C038D2E3D7AB8001527C1 /* Release */ = {
			isa = XCBuildConfiguration;
			buildSettings = {
				CODE_SIGN_STYLE = Automatic;
				CURRENT_PROJECT_VERSION = 1;
				GENERATE_INFOPLIST_FILE = YES;
				MARKETING_VERSION = 1.0;
				PRODUCT_BUNDLE_IDENTIFIER = metatracker.CatsAppUITests;
				PRODUCT_NAME = "$(TARGET_NAME)";
				SWIFT_EMIT_LOC_STRINGS = NO;
				SWIFT_VERSION = 5.0;
				TARGETED_DEVICE_FAMILY = "1,2";
				TEST_TARGET_NAME = CatsApp;
			};
			name = Release;
		};
/* End XCBuildConfiguration section */

/* Begin XCConfigurationList section */
		0AF5B9DE2E8F04530018B70C /* Build configuration list for PBXNativeTarget "tempapp" */ = {
			isa = XCConfigurationList;
			buildConfigurations = (
				0AF5B9DF2E8F04530018B70C /* Debug */,
				0AF5B9E02E8F04530018B70C /* Release */,
			);
			defaultConfigurationIsVisible = 0;
			defaultConfigurationName = Release;
		};
		873C035C2E3D7AB7001527C1 /* Build configuration list for PBXProject "CatsApp" */ = {
			isa = XCConfigurationList;
			buildConfigurations = (
				873C03832E3D7AB8001527C1 /* Debug */,
				873C03842E3D7AB8001527C1 /* Release */,
			);
			defaultConfigurationIsVisible = 0;
			defaultConfigurationName = Release;
		};
		873C03852E3D7AB8001527C1 /* Build configuration list for PBXNativeTarget "CatsApp" */ = {
			isa = XCConfigurationList;
			buildConfigurations = (
				873C03862E3D7AB8001527C1 /* Debug */,
				873C03872E3D7AB8001527C1 /* Release */,
			);
			defaultConfigurationIsVisible = 0;
			defaultConfigurationName = Release;
		};
		873C03882E3D7AB8001527C1 /* Build configuration list for PBXNativeTarget "CatsAppTests" */ = {
			isa = XCConfigurationList;
			buildConfigurations = (
				873C03892E3D7AB8001527C1 /* Debug */,
				873C038A2E3D7AB8001527C1 /* Release */,
			);
			defaultConfigurationIsVisible = 0;
			defaultConfigurationName = Release;
		};
		873C038B2E3D7AB8001527C1 /* Build configuration list for PBXNativeTarget "CatsAppUITests" */ = {
			isa = XCConfigurationList;
			buildConfigurations = (
				873C038C2E3D7AB8001527C1 /* Debug */,
				873C038D2E3D7AB8001527C1 /* Release */,
			);
			defaultConfigurationIsVisible = 0;
			defaultConfigurationName = Release;
		};
/* End XCConfigurationList section */
	};
	rootObject = 873C03592E3D7AB7001527C1 /* Project object */;
}
